# This file is automatically @generated by Cargo.
# It is not intended for manual editing.
version = 4

[[package]]
name = "aivi-base"
version = "0.1.0"

[[package]]
name = "aivi-cli"
version = "0.1.0"
dependencies = [
 "aivi-base",
 "aivi-hir",
 "aivi-syntax",
]

[[package]]
name = "aivi-hir"
version = "0.1.0"
dependencies = [
 "aivi-base",
 "aivi-syntax",
 "aivi-typing",
 "regex-syntax",
]

[[package]]
name = "aivi-syntax"
version = "0.1.0"
dependencies = [
 "aivi-base",
]

[[package]]
name = "aivi-typing"
version = "0.1.0"

[[package]]
name = "regex-syntax"
version = "0.8.10"
source = "registry+https://github.com/rust-lang/crates.io-index"
checksum = "dc897dd8d9e8bd1ed8cdad82b5966c3e0ecae09fb1907d58efaa013543185d0a"
