# This file is automatically @generated by Cargo.
# It is not intended for manual editing.
version = 4

[[package]]
name = "aivi-base"
version = "0.1.0"

[[package]]
name = "aivi-cli"
version = "0.1.0"
dependencies = [
 "aivi-base",
 "aivi-syntax",
]

[[package]]
name = "aivi-syntax"
version = "0.1.0"
dependencies = [
 "aivi-base",
]

[[package]]
name = "aivi-typing"
version = "0.1.0"
